
Microsoft Visual Studio Solution File, Format Version 12.00
# Visual Studio Version 17
VisualStudioVersion = 17.5.33627.172
MinimumVisualStudioVersion = 10.0.40219.1
Project("{9A19103F-16F7-4668-BE54-9A1E7A4F7556}") = "mystiqu.eventgrid.dlqmanager.tests", "mystiqu.eventgrid.dlqmanager.tests\mystiqu.eventgrid.dlqmanager.tests.csproj", "{98E7E31F-692B-4B22-B4B9-9A280F5ED66C}"
EndProject
Project("{9A19103F-16F7-4668-BE54-9A1E7A4F7556}") = "mystiqu.eventgrid.dlqmanager", "mystiqu.eventgrid.dlqmanager\mystiqu.eventgrid.dlqmanager.csproj", "{BD88ED4C-965E-4ACB-8DE0-4321F0091A2F}"
EndProject
Project("{9A19103F-16F7-4668-BE54-9A1E7A4F7556}") = "mystiqu.eventgrid.dlqmanager.domain", "mystiqu.eventgrid.dlqmanager.domain\mystiqu.eventgrid.dlqmanager.domain.csproj", "{4734AA8C-D726-465A-A698-FF8CA7044B7F}"
EndProject
Project("{9A19103F-16F7-4668-BE54-9A1E7A4F7556}") = "mystiqu.eventgrid.dlqmanager.app", "mystiqu.eventgrid.dlqmanager.app\mystiqu.eventgrid.dlqmanager.app.csproj", "{8177EA19-19BC-45B6-B435-68DF104A951C}"
EndProject
Global
	GlobalSection(SolutionConfigurationPlatforms) = preSolution
		Debug|Any CPU = Debug|Any CPU
		Release|Any CPU = Release|Any CPU
	EndGlobalSection
	GlobalSection(ProjectConfigurationPlatforms) = postSolution
		{98E7E31F-692B-4B22-B4B9-9A280F5ED66C}.Debug|Any CPU.ActiveCfg = Debug|Any CPU
		{98E7E31F-692B-4B22-B4B9-9A280F5ED66C}.Debug|Any CPU.Build.0 = Debug|Any CPU
		{98E7E31F-692B-4B22-B4B9-9A280F5ED66C}.Release|Any CPU.ActiveCfg = Release|Any CPU
		{98E7E31F-692B-4B22-B4B9-9A280F5ED66C}.Release|Any CPU.Build.0 = Release|Any CPU
		{BD88ED4C-965E-4ACB-8DE0-4321F0091A2F}.Debug|Any CPU.ActiveCfg = Debug|Any CPU
		{BD88ED4C-965E-4ACB-8DE0-4321F0091A2F}.Debug|Any CPU.Build.0 = Debug|Any CPU
		{BD88ED4C-965E-4ACB-8DE0-4321F0091A2F}.Release|Any CPU.ActiveCfg = Release|Any CPU
		{BD88ED4C-965E-4ACB-8DE0-4321F0091A2F}.Release|Any CPU.Build.0 = Release|Any CPU
		{4734AA8C-D726-465A-A698-FF8CA7044B7F}.Debug|Any CPU.ActiveCfg = Debug|Any CPU
		{4734AA8C-D726-465A-A698-FF8CA7044B7F}.Debug|Any CPU.Build.0 = Debug|Any CPU
		{4734AA8C-D726-465A-A698-FF8CA7044B7F}.Release|Any CPU.ActiveCfg = Release|Any CPU
		{4734AA8C-D726-465A-A698-FF8CA7044B7F}.Release|Any CPU.Build.0 = Release|Any CPU
		{8177EA19-19BC-45B6-B435-68DF104A951C}.Debug|Any CPU.ActiveCfg = Debug|Any CPU
		{8177EA19-19BC-45B6-B435-68DF104A951C}.Debug|Any CPU.Build.0 = Debug|Any CPU
		{8177EA19-19BC-45B6-B435-68DF104A951C}.Release|Any CPU.ActiveCfg = Release|Any CPU
		{8177EA19-19BC-45B6-B435-68DF104A951C}.Release|Any CPU.Build.0 = Release|Any CPU
	EndGlobalSection
	GlobalSection(SolutionProperties) = preSolution
		HideSolutionNode = FALSE
	EndGlobalSection
	GlobalSection(ExtensibilityGlobals) = postSolution
		SolutionGuid = {34BA761D-F299-4E01-B0B6-AEFEC7FCD5C5}
	EndGlobalSection
EndGlobal
