
Microsoft Visual Studio Solution File, Format Version 12.00
# Visual Studio Version 16
VisualStudioVersion = 16.0.31624.102
MinimumVisualStudioVersion = 10.0.40219.1
Project("{FAE04EC0-301F-11D3-BF4B-00C04F79EFBC}") = "ServiceBus.DLQ.Reader", "ServiceBus.DLQ.Reader\ServiceBus.DLQ.Reader.csproj", "{05CB85BA-89F0-4E59-B3DE-A88E9621CF82}"
EndProject
Global
	GlobalSection(SolutionConfigurationPlatforms) = preSolution
		Debug|Any CPU = Debug|Any CPU
		Release|Any CPU = Release|Any CPU
	EndGlobalSection
	GlobalSection(ProjectConfigurationPlatforms) = postSolution
		{05CB85BA-89F0-4E59-B3DE-A88E9621CF82}.Debug|Any CPU.ActiveCfg = Debug|Any CPU
		{05CB85BA-89F0-4E59-B3DE-A88E9621CF82}.Debug|Any CPU.Build.0 = Debug|Any CPU
		{05CB85BA-89F0-4E59-B3DE-A88E9621CF82}.Release|Any CPU.ActiveCfg = Release|Any CPU
		{05CB85BA-89F0-4E59-B3DE-A88E9621CF82}.Release|Any CPU.Build.0 = Release|Any CPU
	EndGlobalSection
	GlobalSection(SolutionProperties) = preSolution
		HideSolutionNode = FALSE
	EndGlobalSection
	GlobalSection(ExtensibilityGlobals) = postSolution
		SolutionGuid = {9E64F4F6-06ED-441F-AADE-70D315189A0B}
	EndGlobalSection
EndGlobal
